// !$*UTF8*$!
{
	archiveVersion = 1;
	classes = {
	};
	objectVersion = 51;
	objects = {

/* Begin PBXBuildFile section */
		59354E4623F0000B001D2B50 /* AppDelegate.swift in Sources */ = {isa = PBXBuildFile; fileRef = 59354E4523F0000B001D2B50 /* AppDelegate.swift */; };
		59354E4823F0000B001D2B50 /* ViewController.swift in Sources */ = {isa = PBXBuildFile; fileRef = 59354E4723F0000B001D2B50 /* ViewController.swift */; };
		59354E4B23F0000B001D2B50 /* Main.storyboard in Resources */ = {isa = PBXBuildFile; fileRef = 59354E4923F0000B001D2B50 /* Main.storyboard */; };
		59354E4D23F0000E001D2B50 /* Assets.xcassets in Resources */ = {isa = PBXBuildFile; fileRef = 59354E4C23F0000E001D2B50 /* Assets.xcassets */; };
		59354E5023F0000E001D2B50 /* LaunchScreen.storyboard in Resources */ = {isa = PBXBuildFile; fileRef = 59354E4E23F0000E001D2B50 /* LaunchScreen.storyboard */; };
		59354E5823F0020B001D2B50 /* Hits.swift in Sources */ = {isa = PBXBuildFile; fileRef = 59354E5723F0020B001D2B50 /* Hits.swift */; };
		59354E5A23F003D1001D2B50 /* WebserviceHandler.swift in Sources */ = {isa = PBXBuildFile; fileRef = 59354E5923F003D1001D2B50 /* WebserviceHandler.swift */; };
		59354E5C23F00EE8001D2B50 /* HitsViewModel.swift in Sources */ = {isa = PBXBuildFile; fileRef = 59354E5B23F00EE8001D2B50 /* HitsViewModel.swift */; };
		59354E5E23F010B3001D2B50 /* HitsTableViewCell.swift in Sources */ = {isa = PBXBuildFile; fileRef = 59354E5D23F010B3001D2B50 /* HitsTableViewCell.swift */; };
		775D4B250FE47A8E6DDCDCD2 /* Pods_ProtonsHubTestAssignment.framework in Frameworks */ = {isa = PBXBuildFile; fileRef = 05DF273277294CB16B7BE68E /* Pods_ProtonsHubTestAssignment.framework */; };
/* End PBXBuildFile section */

/* Begin PBXFileReference section */
		05DF273277294CB16B7BE68E /* Pods_ProtonsHubTestAssignment.framework */ = {isa = PBXFileReference; explicitFileType = wrapper.framework; includeInIndex = 0; path = Pods_ProtonsHubTestAssignment.framework; sourceTree = BUILT_PRODUCTS_DIR; };
		279C48A68BF255622311B9F7 /* Pods-ProtonsHubTestAssignment.debug.xcconfig */ = {isa = PBXFileReference; includeInIndex = 1; lastKnownFileType = text.xcconfig; name = "Pods-ProtonsHubTestAssignment.debug.xcconfig"; path = "Target Support Files/Pods-ProtonsHubTestAssignment/Pods-ProtonsHubTestAssignment.debug.xcconfig"; sourceTree = "<group>"; };
		59354E4223F0000B001D2B50 /* ProtonsHubTestAssignment.app */ = {isa = PBXFileReference; explicitFileType = wrapper.application; includeInIndex = 0; path = ProtonsHubTestAssignment.app; sourceTree = BUILT_PRODUCTS_DIR; };
		59354E4523F0000B001D2B50 /* AppDelegate.swift */ = {isa = PBXFileReference; lastKnownFileType = sourcecode.swift; path = AppDelegate.swift; sourceTree = "<group>"; };
		59354E4723F0000B001D2B50 /* ViewController.swift */ = {isa = PBXFileReference; lastKnownFileType = sourcecode.swift; path = ViewController.swift; sourceTree = "<group>"; };
		59354E4A23F0000B001D2B50 /* Base */ = {isa = PBXFileReference; lastKnownFileType = file.storyboard; name = Base; path = Base.lproj/Main.storyboard; sourceTree = "<group>"; };
		59354E4C23F0000E001D2B50 /* Assets.xcassets */ = {isa = PBXFileReference; lastKnownFileType = folder.assetcatalog; path = Assets.xcassets; sourceTree = "<group>"; };
		59354E4F23F0000E001D2B50 /* Base */ = {isa = PBXFileReference; lastKnownFileType = file.storyboard; name = Base; path = Base.lproj/LaunchScreen.storyboard; sourceTree = "<group>"; };
		59354E5123F0000E001D2B50 /* Info.plist */ = {isa = PBXFileReference; lastKnownFileType = text.plist.xml; path = Info.plist; sourceTree = "<group>"; };
		59354E5723F0020B001D2B50 /* Hits.swift */ = {isa = PBXFileReference; lastKnownFileType = sourcecode.swift; path = Hits.swift; sourceTree = "<group>"; };
		59354E5923F003D1001D2B50 /* WebserviceHandler.swift */ = {isa = PBXFileReference; lastKnownFileType = sourcecode.swift; path = WebserviceHandler.swift; sourceTree = "<group>"; };
		59354E5B23F00EE8001D2B50 /* HitsViewModel.swift */ = {isa = PBXFileReference; lastKnownFileType = sourcecode.swift; path = HitsViewModel.swift; sourceTree = "<group>"; };
		59354E5D23F010B3001D2B50 /* HitsTableViewCell.swift */ = {isa = PBXFileReference; lastKnownFileType = sourcecode.swift; path = HitsTableViewCell.swift; sourceTree = "<group>"; };
		5CBBBA0DD6019CC5BF2B7030 /* Pods-ProtonsHubTestAssignment.release.xcconfig */ = {isa = PBXFileReference; includeInIndex = 1; lastKnownFileType = text.xcconfig; name = "Pods-ProtonsHubTestAssignment.release.xcconfig"; path = "Target Support Files/Pods-ProtonsHubTestAssignment/Pods-ProtonsHubTestAssignment.release.xcconfig"; sourceTree = "<group>"; };
/* End PBXFileReference section */

/* Begin PBXFrameworksBuildPhase section */
		59354E3F23F0000B001D2B50 /* Frameworks */ = {
			isa = PBXFrameworksBuildPhase;
			buildActionMask = 2147483647;
			files = (
				775D4B250FE47A8E6DDCDCD2 /* Pods_ProtonsHubTestAssignment.framework in Frameworks */,
			);
			runOnlyForDeploymentPostprocessing = 0;
		};
/* End PBXFrameworksBuildPhase section */

/* Begin PBXGroup section */
		59354E3923F0000B001D2B50 = {
			isa = PBXGroup;
			children = (
				59354E4423F0000B001D2B50 /* ProtonsHubTestAssignment */,
				59354E4323F0000B001D2B50 /* Products */,
				8B1B6FB09C374CD29AB74CCB /* Pods */,
				F3734F17978A3015821EE23A /* Frameworks */,
			);
			sourceTree = "<group>";
		};
		59354E4323F0000B001D2B50 /* Products */ = {
			isa = PBXGroup;
			children = (
				59354E4223F0000B001D2B50 /* ProtonsHubTestAssignment.app */,
			);
			name = Products;
			sourceTree = "<group>";
		};
		59354E4423F0000B001D2B50 /* ProtonsHubTestAssignment */ = {
			isa = PBXGroup;
			children = (
				59354E4523F0000B001D2B50 /* AppDelegate.swift */,
				59354E4723F0000B001D2B50 /* ViewController.swift */,
				59354E4923F0000B001D2B50 /* Main.storyboard */,
				59354E4C23F0000E001D2B50 /* Assets.xcassets */,
				59354E4E23F0000E001D2B50 /* LaunchScreen.storyboard */,
				59354E5123F0000E001D2B50 /* Info.plist */,
				59354E5723F0020B001D2B50 /* Hits.swift */,
				59354E5923F003D1001D2B50 /* WebserviceHandler.swift */,
				59354E5B23F00EE8001D2B50 /* HitsViewModel.swift */,
				59354E5D23F010B3001D2B50 /* HitsTableViewCell.swift */,
			);
			path = ProtonsHubTestAssignment;
			sourceTree = "<group>";
		};
		8B1B6FB09C374CD29AB74CCB /* Pods */ = {
			isa = PBXGroup;
			children = (
				279C48A68BF255622311B9F7 /* Pods-ProtonsHubTestAssignment.debug.xcconfig */,
				5CBBBA0DD6019CC5BF2B7030 /* Pods-ProtonsHubTestAssignment.release.xcconfig */,
			);
			path = Pods;
			sourceTree = "<group>";
		};
		F3734F17978A3015821EE23A /* Frameworks */ = {
			isa = PBXGroup;
			children = (
				05DF273277294CB16B7BE68E /* Pods_ProtonsHubTestAssignment.framework */,
			);
			name = Frameworks;
			sourceTree = "<group>";
		};
/* End PBXGroup section */

/* Begin PBXNativeTarget section */
		59354E4123F0000B001D2B50 /* ProtonsHubTestAssignment */ = {
			isa = PBXNativeTarget;
			buildConfigurationList = 59354E5423F0000E001D2B50 /* Build configuration list for PBXNativeTarget "ProtonsHubTestAssignment" */;
			buildPhases = (
				F0A4F183789A3B5D29E836B5 /* [CP] Check Pods Manifest.lock */,
				59354E3E23F0000B001D2B50 /* Sources */,
				59354E3F23F0000B001D2B50 /* Frameworks */,
				59354E4023F0000B001D2B50 /* Resources */,
				8F62B3849953AD9244990BB6 /* [CP] Embed Pods Frameworks */,
			);
			buildRules = (
			);
			dependencies = (
			);
			name = ProtonsHubTestAssignment;
			productName = ProtonsHubTestAssignment;
			productReference = 59354E4223F0000B001D2B50 /* ProtonsHubTestAssignment.app */;
			productType = "com.apple.product-type.application";
		};
/* End PBXNativeTarget section */

/* Begin PBXProject section */
		59354E3A23F0000B001D2B50 /* Project object */ = {
			isa = PBXProject;
			attributes = {
				LastSwiftUpdateCheck = 1010;
				LastUpgradeCheck = 1010;
				ORGANIZATIONNAME = Softinator;
				TargetAttributes = {
					59354E4123F0000B001D2B50 = {
						CreatedOnToolsVersion = 10.1;
					};
				};
			};
			buildConfigurationList = 59354E3D23F0000B001D2B50 /* Build configuration list for PBXProject "ProtonsHubTestAssignment" */;
			compatibilityVersion = "Xcode 9.3";
			developmentRegion = en;
			hasScannedForEncodings = 0;
			knownRegions = (
				en,
				Base,
			);
			mainGroup = 59354E3923F0000B001D2B50;
			productRefGroup = 59354E4323F0000B001D2B50 /* Products */;
			projectDirPath = "";
			projectRoot = "";
			targets = (
				59354E4123F0000B001D2B50 /* ProtonsHubTestAssignment */,
			);
		};
/* End PBXProject section */

/* Begin PBXResourcesBuildPhase section */
		59354E4023F0000B001D2B50 /* Resources */ = {
			isa = PBXResourcesBuildPhase;
			buildActionMask = 2147483647;
			files = (
				59354E5023F0000E001D2B50 /* LaunchScreen.storyboard in Resources */,
				59354E4D23F0000E001D2B50 /* Assets.xcassets in Resources */,
				59354E4B23F0000B001D2B50 /* Main.storyboard in Resources */,
			);
			runOnlyForDeploymentPostprocessing = 0;
		};
/* End PBXResourcesBuildPhase section */

/* Begin PBXShellScriptBuildPhase section */
		8F62B3849953AD9244990BB6 /* [CP] Embed Pods Frameworks */ = {
			isa = PBXShellScriptBuildPhase;
			buildActionMask = 2147483647;
			files = (
			);
			inputFileListPaths = (
				"${PODS_ROOT}/Target Support Files/Pods-ProtonsHubTestAssignment/Pods-ProtonsHubTestAssignment-frameworks-${CONFIGURATION}-input-files.xcfilelist",
			);
			name = "[CP] Embed Pods Frameworks";
			outputFileListPaths = (
				"${PODS_ROOT}/Target Support Files/Pods-ProtonsHubTestAssignment/Pods-ProtonsHubTestAssignment-frameworks-${CONFIGURATION}-output-files.xcfilelist",
			);
			runOnlyForDeploymentPostprocessing = 0;
			shellPath = /bin/sh;
			shellScript = "\"${PODS_ROOT}/Target Support Files/Pods-ProtonsHubTestAssignment/Pods-ProtonsHubTestAssignment-frameworks.sh\"\n";
			showEnvVarsInLog = 0;
		};
		F0A4F183789A3B5D29E836B5 /* [CP] Check Pods Manifest.lock */ = {
			isa = PBXShellScriptBuildPhase;
			buildActionMask = 2147483647;
			files = (
			);
			inputFileListPaths = (
			);
			inputPaths = (
				"${PODS_PODFILE_DIR_PATH}/Podfile.lock",
				"${PODS_ROOT}/Manifest.lock",
			);
			name = "[CP] Check Pods Manifest.lock";
			outputFileListPaths = (
			);
			outputPaths = (
				"$(DERIVED_FILE_DIR)/Pods-ProtonsHubTestAssignment-checkManifestLockResult.txt",
			);
			runOnlyForDeploymentPostprocessing = 0;
			shellPath = /bin/sh;
			shellScript = "diff \"${PODS_PODFILE_DIR_PATH}/Podfile.lock\" \"${PODS_ROOT}/Manifest.lock\" > /dev/null\nif [ $? != 0 ] ; then\n    # print error to STDERR\n    echo \"error: The sandbox is not in sync with the Podfile.lock. Run 'pod install' or update your CocoaPods installation.\" >&2\n    exit 1\nfi\n# This output is used by Xcode 'outputs' to avoid re-running this script phase.\necho \"SUCCESS\" > \"${SCRIPT_OUTPUT_FILE_0}\"\n";
			showEnvVarsInLog = 0;
		};
/* End PBXShellScriptBuildPhase section */

/* Begin PBXSourcesBuildPhase section */
		59354E3E23F0000B001D2B50 /* Sources */ = {
			isa = PBXSourcesBuildPhase;
			buildActionMask = 2147483647;
			files = (
				59354E4823F0000B001D2B50 /* ViewController.swift in Sources */,
				59354E5C23F00EE8001D2B50 /* HitsViewModel.swift in Sources */,
				59354E4623F0000B001D2B50 /* AppDelegate.swift in Sources */,
				59354E5823F0020B001D2B50 /* Hits.swift in Sources */,
				59354E5A23F003D1001D2B50 /* WebserviceHandler.swift in Sources */,
				59354E5E23F010B3001D2B50 /* HitsTableViewCell.swift in Sources */,
			);
			runOnlyForDeploymentPostprocessing = 0;
		};
/* End PBXSourcesBuildPhase section */

/* Begin PBXVariantGroup section */
		59354E4923F0000B001D2B50 /* Main.storyboard */ = {
			isa = PBXVariantGroup;
			children = (
				59354E4A23F0000B001D2B50 /* Base */,
			);
			name = Main.storyboard;
			sourceTree = "<group>";
		};
		59354E4E23F0000E001D2B50 /* LaunchScreen.storyboard */ = {
			isa = PBXVariantGroup;
			children = (
				59354E4F23F0000E001D2B50 /* Base */,
			);
			name = LaunchScreen.storyboard;
			sourceTree = "<group>";
		};
/* End PBXVariantGroup section */

/* Begin XCBuildConfiguration section */
		59354E5223F0000E001D2B50 /* Debug */ = {
			isa = XCBuildConfiguration;
			buildSettings = {
				ALWAYS_SEARCH_USER_PATHS = NO;
				CLANG_ANALYZER_NONNULL = YES;
				CLANG_ANALYZER_NUMBER_OBJECT_CONVERSION = YES_AGGRESSIVE;
				CLANG_CXX_LANGUAGE_STANDARD = "gnu++14";
				CLANG_CXX_LIBRARY = "libc++";
				CLANG_ENABLE_MODULES = YES;
				CLANG_ENABLE_OBJC_ARC = YES;
				CLANG_ENABLE_OBJC_WEAK = YES;
				CLANG_WARN_BLOCK_CAPTURE_AUTORELEASING = YES;
				CLANG_WARN_BOOL_CONVERSION = YES;
				CLANG_WARN_COMMA = YES;
				CLANG_WARN_CONSTANT_CONVERSION = YES;
				CLANG_WARN_DEPRECATED_OBJC_IMPLEMENTATIONS = YES;
				CLANG_WARN_DIRECT_OBJC_ISA_USAGE = YES_ERROR;
				CLANG_WARN_DOCUMENTATION_COMMENTS = YES;
				CLANG_WARN_EMPTY_BODY = YES;
				CLANG_WARN_ENUM_CONVERSION = YES;
				CLANG_WARN_INFINITE_RECURSION = YES;
				CLANG_WARN_INT_CONVERSION = YES;
				CLANG_WARN_NON_LITERAL_NULL_CONVERSION = YES;
				CLANG_WARN_OBJC_IMPLICIT_RETAIN_SELF = YES;
				CLANG_WARN_OBJC_LITERAL_CONVERSION = YES;
				CLANG_WARN_OBJC_ROOT_CLASS = YES_ERROR;
				CLANG_WARN_RANGE_LOOP_ANALYSIS = YES;
				CLANG_WARN_STRICT_PROTOTYPES = YES;
				CLANG_WARN_SUSPICIOUS_MOVE = YES;
				CLANG_WARN_UNGUARDED_AVAILABILITY = YES_AGGRESSIVE;
				CLANG_WARN_UNREACHABLE_CODE = YES;
				CLANG_WARN__DUPLICATE_METHOD_MATCH = YES;
				CODE_SIGN_IDENTITY = "iPhone Developer";
				COPY_PHASE_STRIP = NO;
				DEBUG_INFORMATION_FORMAT = dwarf;
				ENABLE_STRICT_OBJC_MSGSEND = YES;
				ENABLE_TESTABILITY = YES;
				GCC_C_LANGUAGE_STANDARD = gnu11;
				GCC_DYNAMIC_NO_PIC = NO;
				GCC_NO_COMMON_BLOCKS = YES;
				GCC_OPTIMIZATION_LEVEL = 0;
				GCC_PREPROCESSOR_DEFINITIONS = (
					"DEBUG=1",
					"$(inherited)",
				);
				GCC_WARN_64_TO_32_BIT_CONVERSION = YES;
				GCC_WARN_ABOUT_RETURN_TYPE = YES_ERROR;
				GCC_WARN_UNDECLARED_SELECTOR = YES;
				GCC_WARN_UNINITIALIZED_AUTOS = YES_AGGRESSIVE;
				GCC_WARN_UNUSED_FUNCTION = YES;
				GCC_WARN_UNUSED_VARIABLE = YES;
				IPHONEOS_DEPLOYMENT_TARGET = 12.1;
				MTL_ENABLE_DEBUG_INFO = INCLUDE_SOURCE;
				MTL_FAST_MATH = YES;
				ONLY_ACTIVE_ARCH = YES;
				SDKROOT = iphoneos;
				SWIFT_ACTIVE_COMPILATION_CONDITIONS = DEBUG;
				SWIFT_OPTIMIZATION_LEVEL = "-Onone";
			};
			name = Debug;
		};
		59354E5323F0000E001D2B50 /* Release */ = {
			isa = XCBuildConfiguration;
			buildSettings = {
				ALWAYS_SEARCH_USER_PATHS = NO;
				CLANG_ANALYZER_NONNULL = YES;
				CLANG_ANALYZER_NUMBER_OBJECT_CONVERSION = YES_AGGRESSIVE;
				CLANG_CXX_LANGUAGE_STANDARD = "gnu++14";
				CLANG_CXX_LIBRARY = "libc++";
				CLANG_ENABLE_MODULES = YES;
				CLANG_ENABLE_OBJC_ARC = YES;
				CLANG_ENABLE_OBJC_WEAK = YES;
				CLANG_WARN_BLOCK_CAPTURE_AUTORELEASING = YES;
				CLANG_WARN_BOOL_CONVERSION = YES;
				CLANG_WARN_COMMA = YES;
				CLANG_WARN_CONSTANT_CONVERSION = YES;
				CLANG_WARN_DEPRECATED_OBJC_IMPLEMENTATIONS = YES;
				CLANG_WARN_DIRECT_OBJC_ISA_USAGE = YES_ERROR;
				CLANG_WARN_DOCUMENTATION_COMMENTS = YES;
				CLANG_WARN_EMPTY_BODY = YES;
				CLANG_WARN_ENUM_CONVERSION = YES;
				CLANG_WARN_INFINITE_RECURSION = YES;
				CLANG_WARN_INT_CONVERSION = YES;
				CLANG_WARN_NON_LITERAL_NULL_CONVERSION = YES;
				CLANG_WARN_OBJC_IMPLICIT_RETAIN_SELF = YES;
				CLANG_WARN_OBJC_LITERAL_CONVERSION = YES;
				CLANG_WARN_OBJC_ROOT_CLASS = YES_ERROR;
				CLANG_WARN_RANGE_LOOP_ANALYSIS = YES;
				CLANG_WARN_STRICT_PROTOTYPES = YES;
				CLANG_WARN_SUSPICIOUS_MOVE = YES;
				CLANG_WARN_UNGUARDED_AVAILABILITY = YES_AGGRESSIVE;
				CLANG_WARN_UNREACHABLE_CODE = YES;
				CLANG_WARN__DUPLICATE_METHOD_MATCH = YES;
				CODE_SIGN_IDENTITY = "iPhone Developer";
				COPY_PHASE_STRIP = NO;
				DEBUG_INFORMATION_FORMAT = "dwarf-with-dsym";
				ENABLE_NS_ASSERTIONS = NO;
				ENABLE_STRICT_OBJC_MSGSEND = YES;
				GCC_C_LANGUAGE_STANDARD = gnu11;
				GCC_NO_COMMON_BLOCKS = YES;
				GCC_WARN_64_TO_32_BIT_CONVERSION = YES;
				GCC_WARN_ABOUT_RETURN_TYPE = YES_ERROR;
				GCC_WARN_UNDECLARED_SELECTOR = YES;
				GCC_WARN_UNINITIALIZED_AUTOS = YES_AGGRESSIVE;
				GCC_WARN_UNUSED_FUNCTION = YES;
				GCC_WARN_UNUSED_VARIABLE = YES;
				IPHONEOS_DEPLOYMENT_TARGET = 12.1;
				MTL_ENABLE_DEBUG_INFO = NO;
				MTL_FAST_MATH = YES;
				SDKROOT = iphoneos;
				SWIFT_COMPILATION_MODE = wholemodule;
				SWIFT_OPTIMIZATION_LEVEL = "-O";
				VALIDATE_PRODUCT = YES;
			};
			name = Release;
		};
		59354E5523F0000E001D2B50 /* Debug */ = {
			isa = XCBuildConfiguration;
			baseConfigurationReference = 279C48A68BF255622311B9F7 /* Pods-ProtonsHubTestAssignment.debug.xcconfig */;
			buildSettings = {
				ASSETCATALOG_COMPILER_APPICON_NAME = AppIcon;
				CODE_SIGN_STYLE = Automatic;
				INFOPLIST_FILE = ProtonsHubTestAssignment/Info.plist;
				LD_RUNPATH_SEARCH_PATHS = (
					"$(inherited)",
					"@executable_path/Frameworks",
				);
				PRODUCT_BUNDLE_IDENTIFIER = com.softinator.ProtonsHubTestAssignment;
				PRODUCT_NAME = "$(TARGET_NAME)";
				SWIFT_VERSION = 4.2;
				TARGETED_DEVICE_FAMILY = "1,2";
			};
			name = Debug;
		};
		59354E5623F0000E001D2B50 /* Release */ = {
			isa = XCBuildConfiguration;
			baseConfigurationReference = 5CBBBA0DD6019CC5BF2B7030 /* Pods-ProtonsHubTestAssignment.release.xcconfig */;
			buildSettings = {
				ASSETCATALOG_COMPILER_APPICON_NAME = AppIcon;
				CODE_SIGN_STYLE = Automatic;
				INFOPLIST_FILE = ProtonsHubTestAssignment/Info.plist;
				LD_RUNPATH_SEARCH_PATHS = (
					"$(inherited)",
					"@executable_path/Frameworks",
				);
				PRODUCT_BUNDLE_IDENTIFIER = com.softinator.ProtonsHubTestAssignment;
				PRODUCT_NAME = "$(TARGET_NAME)";
				SWIFT_VERSION = 4.2;
				TARGETED_DEVICE_FAMILY = "1,2";
			};
			name = Release;
		};
/* End XCBuildConfiguration section */

/* Begin XCConfigurationList section */
		59354E3D23F0000B001D2B50 /* Build configuration list for PBXProject "ProtonsHubTestAssignment" */ = {
			isa = XCConfigurationList;
			buildConfigurations = (
				59354E5223F0000E001D2B50 /* Debug */,
				59354E5323F0000E001D2B50 /* Release */,
			);
			defaultConfigurationIsVisible = 0;
			defaultConfigurationName = Release;
		};
		59354E5423F0000E001D2B50 /* Build configuration list for PBXNativeTarget "ProtonsHubTestAssignment" */ = {
			isa = XCConfigurationList;
			buildConfigurations = (
				59354E5523F0000E001D2B50 /* Debug */,
				59354E5623F0000E001D2B50 /* Release */,
			);
			defaultConfigurationIsVisible = 0;
			defaultConfigurationName = Release;
		};
/* End XCConfigurationList section */
	};
	rootObject = 59354E3A23F0000B001D2B50 /* Project object */;
}
